
Microsoft Visual Studio Solution File, Format Version 11.00
# Visual Studio 2010
Project("{8BC9CEB8-8B4A-11D0-8D11-00A0C91BC942}") = "I2A", "I2A.vcxproj", "{52F5B179-B259-4743-B21D-B53DD6383904}"
EndProject
Global
	GlobalSection(SolutionConfigurationPlatforms) = preSolution
		Debug|Win32 = Debug|Win32
		Release|Win32 = Release|Win32
	EndGlobalSection
	GlobalSection(ProjectConfigurationPlatforms) = postSolution
		{52F5B179-B259-4743-B21D-B53DD6383904}.Debug|Win32.ActiveCfg = Debug|Win32
		{52F5B179-B259-4743-B21D-B53DD6383904}.Debug|Win32.Build.0 = Debug|Win32
		{52F5B179-B259-4743-B21D-B53DD6383904}.Release|Win32.ActiveCfg = Release|Win32
		{52F5B179-B259-4743-B21D-B53DD6383904}.Release|Win32.Build.0 = Release|Win32
	EndGlobalSection
	GlobalSection(SolutionProperties) = preSolution
		HideSolutionNode = FALSE
	EndGlobalSection
EndGlobal
